
Microsoft Visual Studio Solution File, Format Version 12.00
Project("{FAE04EC0-301F-11D3-BF4B-00C04F79EFBC}") = "FizzBuzz", "FizzBuzz\FizzBuzz.csproj", "{DF1E3F8D-AAAE-41DE-B5FE-7BEBDD94755B}"
EndProject
Project("{FAE04EC0-301F-11D3-BF4B-00C04F79EFBC}") = "FizzBuzzTests", "FizzBuzzTests\FizzBuzzTests.csproj", "{F1E689B8-C46B-4D44-A014-9169D922F018}"
EndProject
Global
	GlobalSection(SolutionConfigurationPlatforms) = preSolution
		Debug|Any CPU = Debug|Any CPU
		Release|Any CPU = Release|Any CPU
	EndGlobalSection
	GlobalSection(ProjectConfigurationPlatforms) = postSolution
		{DF1E3F8D-AAAE-41DE-B5FE-7BEBDD94755B}.Debug|Any CPU.ActiveCfg = Debug|Any CPU
		{DF1E3F8D-AAAE-41DE-B5FE-7BEBDD94755B}.Debug|Any CPU.Build.0 = Debug|Any CPU
		{DF1E3F8D-AAAE-41DE-B5FE-7BEBDD94755B}.Release|Any CPU.ActiveCfg = Release|Any CPU
		{DF1E3F8D-AAAE-41DE-B5FE-7BEBDD94755B}.Release|Any CPU.Build.0 = Release|Any CPU
		{F1E689B8-C46B-4D44-A014-9169D922F018}.Debug|Any CPU.ActiveCfg = Debug|Any CPU
		{F1E689B8-C46B-4D44-A014-9169D922F018}.Debug|Any CPU.Build.0 = Debug|Any CPU
		{F1E689B8-C46B-4D44-A014-9169D922F018}.Release|Any CPU.ActiveCfg = Release|Any CPU
		{F1E689B8-C46B-4D44-A014-9169D922F018}.Release|Any CPU.Build.0 = Release|Any CPU
	EndGlobalSection
EndGlobal
